
Microsoft Visual Studio Solution File, Format Version 12.00
# Visual Studio 15
VisualStudioVersion = 15.0.28010.2026
MinimumVisualStudioVersion = 10.0.40219.1
Project("{FAE04EC0-301F-11D3-BF4B-00C04F79EFBC}") = "PusherTest", "PusherTest\PusherTest.csproj", "{539C3258-13AD-4394-9B78-1483A60F7FD6}"
EndProject
Global
	GlobalSection(SolutionConfigurationPlatforms) = preSolution
		Debug|Any CPU = Debug|Any CPU
		Release|Any CPU = Release|Any CPU
	EndGlobalSection
	GlobalSection(ProjectConfigurationPlatforms) = postSolution
		{539C3258-13AD-4394-9B78-1483A60F7FD6}.Debug|Any CPU.ActiveCfg = Debug|Any CPU
		{539C3258-13AD-4394-9B78-1483A60F7FD6}.Debug|Any CPU.Build.0 = Debug|Any CPU
		{539C3258-13AD-4394-9B78-1483A60F7FD6}.Release|Any CPU.ActiveCfg = Release|Any CPU
		{539C3258-13AD-4394-9B78-1483A60F7FD6}.Release|Any CPU.Build.0 = Release|Any CPU
	EndGlobalSection
	GlobalSection(SolutionProperties) = preSolution
		HideSolutionNode = FALSE
	EndGlobalSection
	GlobalSection(ExtensibilityGlobals) = postSolution
		SolutionGuid = {91E29B1A-2ADE-455A-AB25-8F96947E67EC}
	EndGlobalSection
EndGlobal
